
Microsoft Visual Studio Solution File, Format Version 12.00
# Visual Studio Version 16
VisualStudioVersion = 16.0.34601.136
MinimumVisualStudioVersion = 10.0.40219.1
Project("{FAE04EC0-301F-11D3-BF4B-00C04F79EFBC}") = "proyectoConexionBD", "proyectoConexionBD\proyectoConexionBD.csproj", "{2A3461DA-21F0-400B-9147-287DAECBE049}"
EndProject
Project("{FAE04EC0-301F-11D3-BF4B-00C04F79EFBC}") = "ConexionBD", "ConexionBD\ConexionBD.csproj", "{32E282D5-7C47-4A3C-A285-7F28885B0141}"
EndProject
Project("{FAE04EC0-301F-11D3-BF4B-00C04F79EFBC}") = "proyectoBDConsole", "proyectoBDConsole\proyectoBDConsole.csproj", "{AFC0CBBF-CB08-467C-9BA3-31B2AB58CD2B}"
EndProject
Global
	GlobalSection(SolutionConfigurationPlatforms) = preSolution
		Debug|Any CPU = Debug|Any CPU
		Release|Any CPU = Release|Any CPU
	EndGlobalSection
	GlobalSection(ProjectConfigurationPlatforms) = postSolution
		{2A3461DA-21F0-400B-9147-287DAECBE049}.Debug|Any CPU.ActiveCfg = Debug|Any CPU
		{2A3461DA-21F0-400B-9147-287DAECBE049}.Debug|Any CPU.Build.0 = Debug|Any CPU
		{2A3461DA-21F0-400B-9147-287DAECBE049}.Release|Any CPU.ActiveCfg = Release|Any CPU
		{2A3461DA-21F0-400B-9147-287DAECBE049}.Release|Any CPU.Build.0 = Release|Any CPU
		{32E282D5-7C47-4A3C-A285-7F28885B0141}.Debug|Any CPU.ActiveCfg = Debug|Any CPU
		{32E282D5-7C47-4A3C-A285-7F28885B0141}.Debug|Any CPU.Build.0 = Debug|Any CPU
		{32E282D5-7C47-4A3C-A285-7F28885B0141}.Release|Any CPU.ActiveCfg = Release|Any CPU
		{32E282D5-7C47-4A3C-A285-7F28885B0141}.Release|Any CPU.Build.0 = Release|Any CPU
		{AFC0CBBF-CB08-467C-9BA3-31B2AB58CD2B}.Debug|Any CPU.ActiveCfg = Debug|Any CPU
		{AFC0CBBF-CB08-467C-9BA3-31B2AB58CD2B}.Debug|Any CPU.Build.0 = Debug|Any CPU
		{AFC0CBBF-CB08-467C-9BA3-31B2AB58CD2B}.Release|Any CPU.ActiveCfg = Release|Any CPU
		{AFC0CBBF-CB08-467C-9BA3-31B2AB58CD2B}.Release|Any CPU.Build.0 = Release|Any CPU
	EndGlobalSection
	GlobalSection(SolutionProperties) = preSolution
		HideSolutionNode = FALSE
	EndGlobalSection
	GlobalSection(ExtensibilityGlobals) = postSolution
		SolutionGuid = {3338632F-452B-4C84-AF07-5FD41EE62B8D}
	EndGlobalSection
EndGlobal
